// !$*UTF8*$!
{
	archiveVersion = 1;
	classes = {
	};
	objectVersion = 46;
	objects = {

/* Begin PBXBuildFile section */
		1E3532262056D64A00907A57 /* AppDelegate.swift in Sources */ = {isa = PBXBuildFile; fileRef = 1E3532252056D64A00907A57 /* AppDelegate.swift */; };
		1E3532282056D64A00907A57 /* ViewController.swift in Sources */ = {isa = PBXBuildFile; fileRef = 1E3532272056D64A00907A57 /* ViewController.swift */; };
		1E35322B2056D64A00907A57 /* Main.storyboard in Resources */ = {isa = PBXBuildFile; fileRef = 1E3532292056D64A00907A57 /* Main.storyboard */; };
		1E35322D2056D64A00907A57 /* Assets.xcassets in Resources */ = {isa = PBXBuildFile; fileRef = 1E35322C2056D64A00907A57 /* Assets.xcassets */; };
		1E3532302056D64A00907A57 /* LaunchScreen.storyboard in Resources */ = {isa = PBXBuildFile; fileRef = 1E35322E2056D64A00907A57 /* LaunchScreen.storyboard */; };
		1E35323B2056D64A00907A57 /* ChineseZodiacTests.swift in Sources */ = {isa = PBXBuildFile; fileRef = 1E35323A2056D64A00907A57 /* ChineseZodiacTests.swift */; };
		1E3532462056D64A00907A57 /* ChineseZodiacUITests.swift in Sources */ = {isa = PBXBuildFile; fileRef = 1E3532452056D64A00907A57 /* ChineseZodiacUITests.swift */; };
/* End PBXBuildFile section */

/* Begin PBXContainerItemProxy section */
		1E3532372056D64A00907A57 /* PBXContainerItemProxy */ = {
			isa = PBXContainerItemProxy;
			containerPortal = 1E35321A2056D64A00907A57 /* Project object */;
			proxyType = 1;
			remoteGlobalIDString = 1E3532212056D64A00907A57;
			remoteInfo = ChineseZodiac;
		};
		1E3532422056D64A00907A57 /* PBXContainerItemProxy */ = {
			isa = PBXContainerItemProxy;
			containerPortal = 1E35321A2056D64A00907A57 /* Project object */;
			proxyType = 1;
			remoteGlobalIDString = 1E3532212056D64A00907A57;
			remoteInfo = ChineseZodiac;
		};
/* End PBXContainerItemProxy section */

/* Begin PBXFileReference section */
		1E3532222056D64A00907A57 /* ChineseZodiac.app */ = {isa = PBXFileReference; explicitFileType = wrapper.application; includeInIndex = 0; path = ChineseZodiac.app; sourceTree = BUILT_PRODUCTS_DIR; };
		1E3532252056D64A00907A57 /* AppDelegate.swift */ = {isa = PBXFileReference; lastKnownFileType = sourcecode.swift; path = AppDelegate.swift; sourceTree = "<group>"; };
		1E3532272056D64A00907A57 /* ViewController.swift */ = {isa = PBXFileReference; lastKnownFileType = sourcecode.swift; path = ViewController.swift; sourceTree = "<group>"; };
		1E35322A2056D64A00907A57 /* Base */ = {isa = PBXFileReference; lastKnownFileType = file.storyboard; name = Base; path = Base.lproj/Main.storyboard; sourceTree = "<group>"; };
		1E35322C2056D64A00907A57 /* Assets.xcassets */ = {isa = PBXFileReference; lastKnownFileType = folder.assetcatalog; path = Assets.xcassets; sourceTree = "<group>"; };
		1E35322F2056D64A00907A57 /* Base */ = {isa = PBXFileReference; lastKnownFileType = file.storyboard; name = Base; path = Base.lproj/LaunchScreen.storyboard; sourceTree = "<group>"; };
		1E3532312056D64A00907A57 /* Info.plist */ = {isa = PBXFileReference; lastKnownFileType = text.plist.xml; path = Info.plist; sourceTree = "<group>"; };
		1E3532362056D64A00907A57 /* ChineseZodiacTests.xctest */ = {isa = PBXFileReference; explicitFileType = wrapper.cfbundle; includeInIndex = 0; path = ChineseZodiacTests.xctest; sourceTree = BUILT_PRODUCTS_DIR; };
		1E35323A2056D64A00907A57 /* ChineseZodiacTests.swift */ = {isa = PBXFileReference; lastKnownFileType = sourcecode.swift; path = ChineseZodiacTests.swift; sourceTree = "<group>"; };
		1E35323C2056D64A00907A57 /* Info.plist */ = {isa = PBXFileReference; lastKnownFileType = text.plist.xml; path = Info.plist; sourceTree = "<group>"; };
		1E3532412056D64A00907A57 /* ChineseZodiacUITests.xctest */ = {isa = PBXFileReference; explicitFileType = wrapper.cfbundle; includeInIndex = 0; path = ChineseZodiacUITests.xctest; sourceTree = BUILT_PRODUCTS_DIR; };
		1E3532452056D64A00907A57 /* ChineseZodiacUITests.swift */ = {isa = PBXFileReference; lastKnownFileType = sourcecode.swift; path = ChineseZodiacUITests.swift; sourceTree = "<group>"; };
		1E3532472056D64A00907A57 /* Info.plist */ = {isa = PBXFileReference; lastKnownFileType = text.plist.xml; path = Info.plist; sourceTree = "<group>"; };
/* End PBXFileReference section */

/* Begin PBXFrameworksBuildPhase section */
		1E35321F2056D64A00907A57 /* Frameworks */ = {
			isa = PBXFrameworksBuildPhase;
			buildActionMask = 2147483647;
			files = (
			);
			runOnlyForDeploymentPostprocessing = 0;
		};
		1E3532332056D64A00907A57 /* Frameworks */ = {
			isa = PBXFrameworksBuildPhase;
			buildActionMask = 2147483647;
			files = (
			);
			runOnlyForDeploymentPostprocessing = 0;
		};
		1E35323E2056D64A00907A57 /* Frameworks */ = {
			isa = PBXFrameworksBuildPhase;
			buildActionMask = 2147483647;
			files = (
			);
			runOnlyForDeploymentPostprocessing = 0;
		};
/* End PBXFrameworksBuildPhase section */

/* Begin PBXGroup section */
		1E3532192056D64A00907A57 = {
			isa = PBXGroup;
			children = (
				1E3532242056D64A00907A57 /* ChineseZodiac */,
				1E3532392056D64A00907A57 /* ChineseZodiacTests */,
				1E3532442056D64A00907A57 /* ChineseZodiacUITests */,
				1E3532232056D64A00907A57 /* Products */,
			);
			sourceTree = "<group>";
		};
		1E3532232056D64A00907A57 /* Products */ = {
			isa = PBXGroup;
			children = (
				1E3532222056D64A00907A57 /* ChineseZodiac.app */,
				1E3532362056D64A00907A57 /* ChineseZodiacTests.xctest */,
				1E3532412056D64A00907A57 /* ChineseZodiacUITests.xctest */,
			);
			name = Products;
			sourceTree = "<group>";
		};
		1E3532242056D64A00907A57 /* ChineseZodiac */ = {
			isa = PBXGroup;
			children = (
				1E3532252056D64A00907A57 /* AppDelegate.swift */,
				1E3532272056D64A00907A57 /* ViewController.swift */,
				1E3532292056D64A00907A57 /* Main.storyboard */,
				1E35322C2056D64A00907A57 /* Assets.xcassets */,
				1E35322E2056D64A00907A57 /* LaunchScreen.storyboard */,
				1E3532312056D64A00907A57 /* Info.plist */,
			);
			path = ChineseZodiac;
			sourceTree = "<group>";
		};
		1E3532392056D64A00907A57 /* ChineseZodiacTests */ = {
			isa = PBXGroup;
			children = (
				1E35323A2056D64A00907A57 /* ChineseZodiacTests.swift */,
				1E35323C2056D64A00907A57 /* Info.plist */,
			);
			path = ChineseZodiacTests;
			sourceTree = "<group>";
		};
		1E3532442056D64A00907A57 /* ChineseZodiacUITests */ = {
			isa = PBXGroup;
			children = (
				1E3532452056D64A00907A57 /* ChineseZodiacUITests.swift */,
				1E3532472056D64A00907A57 /* Info.plist */,
			);
			path = ChineseZodiacUITests;
			sourceTree = "<group>";
		};
/* End PBXGroup section */

/* Begin PBXNativeTarget section */
		1E3532212056D64A00907A57 /* ChineseZodiac */ = {
			isa = PBXNativeTarget;
			buildConfigurationList = 1E35324A2056D64A00907A57 /* Build configuration list for PBXNativeTarget "ChineseZodiac" */;
			buildPhases = (
				1E35321E2056D64A00907A57 /* Sources */,
				1E35321F2056D64A00907A57 /* Frameworks */,
				1E3532202056D64A00907A57 /* Resources */,
			);
			buildRules = (
			);
			dependencies = (
			);
			name = ChineseZodiac;
			productName = ChineseZodiac;
			productReference = 1E3532222056D64A00907A57 /* ChineseZodiac.app */;
			productType = "com.apple.product-type.application";
		};
		1E3532352056D64A00907A57 /* ChineseZodiacTests */ = {
			isa = PBXNativeTarget;
			buildConfigurationList = 1E35324D2056D64A00907A57 /* Build configuration list for PBXNativeTarget "ChineseZodiacTests" */;
			buildPhases = (
				1E3532322056D64A00907A57 /* Sources */,
				1E3532332056D64A00907A57 /* Frameworks */,
				1E3532342056D64A00907A57 /* Resources */,
			);
			buildRules = (
			);
			dependencies = (
				1E3532382056D64A00907A57 /* PBXTargetDependency */,
			);
			name = ChineseZodiacTests;
			productName = ChineseZodiacTests;
			productReference = 1E3532362056D64A00907A57 /* ChineseZodiacTests.xctest */;
			productType = "com.apple.product-type.bundle.unit-test";
		};
		1E3532402056D64A00907A57 /* ChineseZodiacUITests */ = {
			isa = PBXNativeTarget;
			buildConfigurationList = 1E3532502056D64A00907A57 /* Build configuration list for PBXNativeTarget "ChineseZodiacUITests" */;
			buildPhases = (
				1E35323D2056D64A00907A57 /* Sources */,
				1E35323E2056D64A00907A57 /* Frameworks */,
				1E35323F2056D64A00907A57 /* Resources */,
			);
			buildRules = (
			);
			dependencies = (
				1E3532432056D64A00907A57 /* PBXTargetDependency */,
			);
			name = ChineseZodiacUITests;
			productName = ChineseZodiacUITests;
			productReference = 1E3532412056D64A00907A57 /* ChineseZodiacUITests.xctest */;
			productType = "com.apple.product-type.bundle.ui-testing";
		};
/* End PBXNativeTarget section */

/* Begin PBXProject section */
		1E35321A2056D64A00907A57 /* Project object */ = {
			isa = PBXProject;
			attributes = {
				LastSwiftUpdateCheck = 0830;
				LastUpgradeCheck = 0830;
				ORGANIZATIONNAME = "卢超";
				TargetAttributes = {
					1E3532212056D64A00907A57 = {
						CreatedOnToolsVersion = 8.3.3;
						ProvisioningStyle = Automatic;
					};
					1E3532352056D64A00907A57 = {
						CreatedOnToolsVersion = 8.3.3;
						ProvisioningStyle = Automatic;
						TestTargetID = 1E3532212056D64A00907A57;
					};
					1E3532402056D64A00907A57 = {
						CreatedOnToolsVersion = 8.3.3;
						ProvisioningStyle = Automatic;
						TestTargetID = 1E3532212056D64A00907A57;
					};
				};
			};
			buildConfigurationList = 1E35321D2056D64A00907A57 /* Build configuration list for PBXProject "ChineseZodiac" */;
			compatibilityVersion = "Xcode 3.2";
			developmentRegion = English;
			hasScannedForEncodings = 0;
			knownRegions = (
				en,
				Base,
			);
			mainGroup = 1E3532192056D64A00907A57;
			productRefGroup = 1E3532232056D64A00907A57 /* Products */;
			projectDirPath = "";
			projectRoot = "";
			targets = (
				1E3532212056D64A00907A57 /* ChineseZodiac */,
				1E3532352056D64A00907A57 /* ChineseZodiacTests */,
				1E3532402056D64A00907A57 /* ChineseZodiacUITests */,
			);
		};
/* End PBXProject section */

/* Begin PBXResourcesBuildPhase section */
		1E3532202056D64A00907A57 /* Resources */ = {
			isa = PBXResourcesBuildPhase;
			buildActionMask = 2147483647;
			files = (
				1E3532302056D64A00907A57 /* LaunchScreen.storyboard in Resources */,
				1E35322D2056D64A00907A57 /* Assets.xcassets in Resources */,
				1E35322B2056D64A00907A57 /* Main.storyboard in Resources */,
			);
			runOnlyForDeploymentPostprocessing = 0;
		};
		1E3532342056D64A00907A57 /* Resources */ = {
			isa = PBXResourcesBuildPhase;
			buildActionMask = 2147483647;
			files = (
			);
			runOnlyForDeploymentPostprocessing = 0;
		};
		1E35323F2056D64A00907A57 /* Resources */ = {
			isa = PBXResourcesBuildPhase;
			buildActionMask = 2147483647;
			files = (
			);
			runOnlyForDeploymentPostprocessing = 0;
		};
/* End PBXResourcesBuildPhase section */

/* Begin PBXSourcesBuildPhase section */
		1E35321E2056D64A00907A57 /* Sources */ = {
			isa = PBXSourcesBuildPhase;
			buildActionMask = 2147483647;
			files = (
				1E3532282056D64A00907A57 /* ViewController.swift in Sources */,
				1E3532262056D64A00907A57 /* AppDelegate.swift in Sources */,
			);
			runOnlyForDeploymentPostprocessing = 0;
		};
		1E3532322056D64A00907A57 /* Sources */ = {
			isa = PBXSourcesBuildPhase;
			buildActionMask = 2147483647;
			files = (
				1E35323B2056D64A00907A57 /* ChineseZodiacTests.swift in Sources */,
			);
			runOnlyForDeploymentPostprocessing = 0;
		};
		1E35323D2056D64A00907A57 /* Sources */ = {
			isa = PBXSourcesBuildPhase;
			buildActionMask = 2147483647;
			files = (
				1E3532462056D64A00907A57 /* ChineseZodiacUITests.swift in Sources */,
			);
			runOnlyForDeploymentPostprocessing = 0;
		};
/* End PBXSourcesBuildPhase section */

/* Begin PBXTargetDependency section */
		1E3532382056D64A00907A57 /* PBXTargetDependency */ = {
			isa = PBXTargetDependency;
			target = 1E3532212056D64A00907A57 /* ChineseZodiac */;
			targetProxy = 1E3532372056D64A00907A57 /* PBXContainerItemProxy */;
		};
		1E3532432056D64A00907A57 /* PBXTargetDependency */ = {
			isa = PBXTargetDependency;
			target = 1E3532212056D64A00907A57 /* ChineseZodiac */;
			targetProxy = 1E3532422056D64A00907A57 /* PBXContainerItemProxy */;
		};
/* End PBXTargetDependency section */

/* Begin PBXVariantGroup section */
		1E3532292056D64A00907A57 /* Main.storyboard */ = {
			isa = PBXVariantGroup;
			children = (
				1E35322A2056D64A00907A57 /* Base */,
			);
			name = Main.storyboard;
			sourceTree = "<group>";
		};
		1E35322E2056D64A00907A57 /* LaunchScreen.storyboard */ = {
			isa = PBXVariantGroup;
			children = (
				1E35322F2056D64A00907A57 /* Base */,
			);
			name = LaunchScreen.storyboard;
			sourceTree = "<group>";
		};
/* End PBXVariantGroup section */

/* Begin XCBuildConfiguration section */
		1E3532482056D64A00907A57 /* Debug */ = {
			isa = XCBuildConfiguration;
			buildSettings = {
				ALWAYS_SEARCH_USER_PATHS = NO;
				CLANG_ANALYZER_NONNULL = YES;
				CLANG_ANALYZER_NUMBER_OBJECT_CONVERSION = YES_AGGRESSIVE;
				CLANG_CXX_LANGUAGE_STANDARD = "gnu++0x";
				CLANG_CXX_LIBRARY = "libc++";
				CLANG_ENABLE_MODULES = YES;
				CLANG_ENABLE_OBJC_ARC = YES;
				CLANG_WARN_BOOL_CONVERSION = YES;
				CLANG_WARN_CONSTANT_CONVERSION = YES;
				CLANG_WARN_DIRECT_OBJC_ISA_USAGE = YES_ERROR;
				CLANG_WARN_DOCUMENTATION_COMMENTS = YES;
				CLANG_WARN_EMPTY_BODY = YES;
				CLANG_WARN_ENUM_CONVERSION = YES;
				CLANG_WARN_INFINITE_RECURSION = YES;
				CLANG_WARN_INT_CONVERSION = YES;
				CLANG_WARN_OBJC_ROOT_CLASS = YES_ERROR;
				CLANG_WARN_SUSPICIOUS_MOVE = YES;
				CLANG_WARN_UNREACHABLE_CODE = YES;
				CLANG_WARN__DUPLICATE_METHOD_MATCH = YES;
				"CODE_SIGN_IDENTITY[sdk=iphoneos*]" = "iPhone Developer";
				COPY_PHASE_STRIP = NO;
				DEBUG_INFORMATION_FORMAT = dwarf;
				ENABLE_STRICT_OBJC_MSGSEND = YES;
				ENABLE_TESTABILITY = YES;
				GCC_C_LANGUAGE_STANDARD = gnu99;
				GCC_DYNAMIC_NO_PIC = NO;
				GCC_NO_COMMON_BLOCKS = YES;
				GCC_OPTIMIZATION_LEVEL = 0;
				GCC_PREPROCESSOR_DEFINITIONS = (
					"DEBUG=1",
					"$(inherited)",
				);
				GCC_WARN_64_TO_32_BIT_CONVERSION = YES;
				GCC_WARN_ABOUT_RETURN_TYPE = YES_ERROR;
				GCC_WARN_UNDECLARED_SELECTOR = YES;
				GCC_WARN_UNINITIALIZED_AUTOS = YES_AGGRESSIVE;
				GCC_WARN_UNUSED_FUNCTION = YES;
				GCC_WARN_UNUSED_VARIABLE = YES;
				IPHONEOS_DEPLOYMENT_TARGET = 10.3;
				MTL_ENABLE_DEBUG_INFO = YES;
				ONLY_ACTIVE_ARCH = YES;
				SDKROOT = iphoneos;
				SWIFT_ACTIVE_COMPILATION_CONDITIONS = DEBUG;
				SWIFT_OPTIMIZATION_LEVEL = "-Onone";
			};
			name = Debug;
		};
		1E3532492056D64A00907A57 /* Release */ = {
			isa = XCBuildConfiguration;
			buildSettings = {
				ALWAYS_SEARCH_USER_PATHS = NO;
				CLANG_ANALYZER_NONNULL = YES;
				CLANG_ANALYZER_NUMBER_OBJECT_CONVERSION = YES_AGGRESSIVE;
				CLANG_CXX_LANGUAGE_STANDARD = "gnu++0x";
				CLANG_CXX_LIBRARY = "libc++";
				CLANG_ENABLE_MODULES = YES;
				CLANG_ENABLE_OBJC_ARC = YES;
				CLANG_WARN_BOOL_CONVERSION = YES;
				CLANG_WARN_CONSTANT_CONVERSION = YES;
				CLANG_WARN_DIRECT_OBJC_ISA_USAGE = YES_ERROR;
				CLANG_WARN_DOCUMENTATION_COMMENTS = YES;
				CLANG_WARN_EMPTY_BODY = YES;
				CLANG_WARN_ENUM_CONVERSION = YES;
				CLANG_WARN_INFINITE_RECURSION = YES;
				CLANG_WARN_INT_CONVERSION = YES;
				CLANG_WARN_OBJC_ROOT_CLASS = YES_ERROR;
				CLANG_WARN_SUSPICIOUS_MOVE = YES;
				CLANG_WARN_UNREACHABLE_CODE = YES;
				CLANG_WARN__DUPLICATE_METHOD_MATCH = YES;
				"CODE_SIGN_IDENTITY[sdk=iphoneos*]" = "iPhone Developer";
				COPY_PHASE_STRIP = NO;
				DEBUG_INFORMATION_FORMAT = "dwarf-with-dsym";
				ENABLE_NS_ASSERTIONS = NO;
				ENABLE_STRICT_OBJC_MSGSEND = YES;
				GCC_C_LANGUAGE_STANDARD = gnu99;
				GCC_NO_COMMON_BLOCKS = YES;
				GCC_WARN_64_TO_32_BIT_CONVERSION = YES;
				GCC_WARN_ABOUT_RETURN_TYPE = YES_ERROR;
				GCC_WARN_UNDECLARED_SELECTOR = YES;
				GCC_WARN_UNINITIALIZED_AUTOS = YES_AGGRESSIVE;
				GCC_WARN_UNUSED_FUNCTION = YES;
				GCC_WARN_UNUSED_VARIABLE = YES;
				IPHONEOS_DEPLOYMENT_TARGET = 10.3;
				MTL_ENABLE_DEBUG_INFO = NO;
				SDKROOT = iphoneos;
				SWIFT_OPTIMIZATION_LEVEL = "-Owholemodule";
				VALIDATE_PRODUCT = YES;
			};
			name = Release;
		};
		1E35324B2056D64A00907A57 /* Debug */ = {
			isa = XCBuildConfiguration;
			buildSettings = {
				ASSETCATALOG_COMPILER_APPICON_NAME = AppIcon;
				INFOPLIST_FILE = ChineseZodiac/Info.plist;
				LD_RUNPATH_SEARCH_PATHS = "$(inherited) @executable_path/Frameworks";
				PRODUCT_BUNDLE_IDENTIFIER = com.Lucy20209060.ChineseZodiac;
				PRODUCT_NAME = "$(TARGET_NAME)";
				SWIFT_VERSION = 3.0;
			};
			name = Debug;
		};
		1E35324C2056D64A00907A57 /* Release */ = {
			isa = XCBuildConfiguration;
			buildSettings = {
				ASSETCATALOG_COMPILER_APPICON_NAME = AppIcon;
				INFOPLIST_FILE = ChineseZodiac/Info.plist;
				LD_RUNPATH_SEARCH_PATHS = "$(inherited) @executable_path/Frameworks";
				PRODUCT_BUNDLE_IDENTIFIER = com.Lucy20209060.ChineseZodiac;
				PRODUCT_NAME = "$(TARGET_NAME)";
				SWIFT_VERSION = 3.0;
			};
			name = Release;
		};
		1E35324E2056D64A00907A57 /* Debug */ = {
			isa = XCBuildConfiguration;
			buildSettings = {
				ALWAYS_EMBED_SWIFT_STANDARD_LIBRARIES = YES;
				BUNDLE_LOADER = "$(TEST_HOST)";
				INFOPLIST_FILE = ChineseZodiacTests/Info.plist;
				LD_RUNPATH_SEARCH_PATHS = "$(inherited) @executable_path/Frameworks @loader_path/Frameworks";
				PRODUCT_BUNDLE_IDENTIFIER = com.Lucy20209060.ChineseZodiacTests;
				PRODUCT_NAME = "$(TARGET_NAME)";
				SWIFT_VERSION = 3.0;
				TEST_HOST = "$(BUILT_PRODUCTS_DIR)/ChineseZodiac.app/ChineseZodiac";
			};
			name = Debug;
		};
		1E35324F2056D64A00907A57 /* Release */ = {
			isa = XCBuildConfiguration;
			buildSettings = {
				ALWAYS_EMBED_SWIFT_STANDARD_LIBRARIES = YES;
				BUNDLE_LOADER = "$(TEST_HOST)";
				INFOPLIST_FILE = ChineseZodiacTests/Info.plist;
				LD_RUNPATH_SEARCH_PATHS = "$(inherited) @executable_path/Frameworks @loader_path/Frameworks";
				PRODUCT_BUNDLE_IDENTIFIER = com.Lucy20209060.ChineseZodiacTests;
				PRODUCT_NAME = "$(TARGET_NAME)";
				SWIFT_VERSION = 3.0;
				TEST_HOST = "$(BUILT_PRODUCTS_DIR)/ChineseZodiac.app/ChineseZodiac";
			};
			name = Release;
		};
		1E3532512056D64A00907A57 /* Debug */ = {
			isa = XCBuildConfiguration;
			buildSettings = {
				ALWAYS_EMBED_SWIFT_STANDARD_LIBRARIES = YES;
				INFOPLIST_FILE = ChineseZodiacUITests/Info.plist;
				LD_RUNPATH_SEARCH_PATHS = "$(inherited) @executable_path/Frameworks @loader_path/Frameworks";
				PRODUCT_BUNDLE_IDENTIFIER = com.Lucy20209060.ChineseZodiacUITests;
				PRODUCT_NAME = "$(TARGET_NAME)";
				SWIFT_VERSION = 3.0;
				TEST_TARGET_NAME = ChineseZodiac;
			};
			name = Debug;
		};
		1E3532522056D64A00907A57 /* Release */ = {
			isa = XCBuildConfiguration;
			buildSettings = {
				ALWAYS_EMBED_SWIFT_STANDARD_LIBRARIES = YES;
				INFOPLIST_FILE = ChineseZodiacUITests/Info.plist;
				LD_RUNPATH_SEARCH_PATHS = "$(inherited) @executable_path/Frameworks @loader_path/Frameworks";
				PRODUCT_BUNDLE_IDENTIFIER = com.Lucy20209060.ChineseZodiacUITests;
				PRODUCT_NAME = "$(TARGET_NAME)";
				SWIFT_VERSION = 3.0;
				TEST_TARGET_NAME = ChineseZodiac;
			};
			name = Release;
		};
/* End XCBuildConfiguration section */

/* Begin XCConfigurationList section */
		1E35321D2056D64A00907A57 /* Build configuration list for PBXProject "ChineseZodiac" */ = {
			isa = XCConfigurationList;
			buildConfigurations = (
				1E3532482056D64A00907A57 /* Debug */,
				1E3532492056D64A00907A57 /* Release */,
			);
			defaultConfigurationIsVisible = 0;
			defaultConfigurationName = Release;
		};
		1E35324A2056D64A00907A57 /* Build configuration list for PBXNativeTarget "ChineseZodiac" */ = {
			isa = XCConfigurationList;
			buildConfigurations = (
				1E35324B2056D64A00907A57 /* Debug */,
				1E35324C2056D64A00907A57 /* Release */,
			);
			defaultConfigurationIsVisible = 0;
		};
		1E35324D2056D64A00907A57 /* Build configuration list for PBXNativeTarget "ChineseZodiacTests" */ = {
			isa = XCConfigurationList;
			buildConfigurations = (
				1E35324E2056D64A00907A57 /* Debug */,
				1E35324F2056D64A00907A57 /* Release */,
			);
			defaultConfigurationIsVisible = 0;
		};
		1E3532502056D64A00907A57 /* Build configuration list for PBXNativeTarget "ChineseZodiacUITests" */ = {
			isa = XCConfigurationList;
			buildConfigurations = (
				1E3532512056D64A00907A57 /* Debug */,
				1E3532522056D64A00907A57 /* Release */,
			);
			defaultConfigurationIsVisible = 0;
		};
/* End XCConfigurationList section */
	};
	rootObject = 1E35321A2056D64A00907A57 /* Project object */;
}
